// !$*UTF8*$!
{
	archiveVersion = 1;
	classes = {
	};
	objectVersion = 50;
	objects = {

/* Begin PBXBuildFile section */
		7F98D163E5CF3DB5814C269A /* Pods_ParstagramUITests.framework in Frameworks */ = {isa = PBXBuildFile; fileRef = AAC18A570BA584C950465AF8 /* Pods_ParstagramUITests.framework */; };
		EE303EB02259CEED001DC54A /* CameraViewController.swift in Sources */ = {isa = PBXBuildFile; fileRef = EE303EAF2259CEED001DC54A /* CameraViewController.swift */; };
		EE303EB4225BF21C001DC54A /* PostCell.swift in Sources */ = {isa = PBXBuildFile; fileRef = EE303EB3225BF21C001DC54A /* PostCell.swift */; };
		EED5E3AE22643AC50065C779 /* CommentCell.swift in Sources */ = {isa = PBXBuildFile; fileRef = EED5E3AD22643AC50065C779 /* CommentCell.swift */; };
		EED810BE22544B9800752321 /* LoginViewController.swift in Sources */ = {isa = PBXBuildFile; fileRef = EED810BD22544B9800752321 /* LoginViewController.swift */; };
		EED810C022544BB000752321 /* FeedViewController.swift in Sources */ = {isa = PBXBuildFile; fileRef = EED810BF22544BB000752321 /* FeedViewController.swift */; };
		EEF03523225444F800B2A312 /* AppDelegate.swift in Sources */ = {isa = PBXBuildFile; fileRef = EEF03522225444F800B2A312 /* AppDelegate.swift */; };
		EEF03528225444F800B2A312 /* Main.storyboard in Resources */ = {isa = PBXBuildFile; fileRef = EEF03526225444F800B2A312 /* Main.storyboard */; };
		EEF0352A225444FC00B2A312 /* Assets.xcassets in Resources */ = {isa = PBXBuildFile; fileRef = EEF03529225444FC00B2A312 /* Assets.xcassets */; };
		EEF0352D225444FC00B2A312 /* LaunchScreen.storyboard in Resources */ = {isa = PBXBuildFile; fileRef = EEF0352B225444FC00B2A312 /* LaunchScreen.storyboard */; };
		EEF03538225444FC00B2A312 /* ParstagramTests.swift in Sources */ = {isa = PBXBuildFile; fileRef = EEF03537225444FC00B2A312 /* ParstagramTests.swift */; };
		EEF03543225444FC00B2A312 /* ParstagramUITests.swift in Sources */ = {isa = PBXBuildFile; fileRef = EEF03542225444FC00B2A312 /* ParstagramUITests.swift */; };
		EFD698EBCE5954163AA1DD7F /* Pods_Parstagram.framework in Frameworks */ = {isa = PBXBuildFile; fileRef = DB11E1AB59CBFB43E4D55D03 /* Pods_Parstagram.framework */; };
		F0BB60C07679747D13F00306 /* Pods_ParstagramTests.framework in Frameworks */ = {isa = PBXBuildFile; fileRef = 3FB1CC19830C0AB186C90A58 /* Pods_ParstagramTests.framework */; };
/* End PBXBuildFile section */

/* Begin PBXContainerItemProxy section */
		EEF03534225444FC00B2A312 /* PBXContainerItemProxy */ = {
			isa = PBXContainerItemProxy;
			containerPortal = EEF03517225444F800B2A312 /* Project object */;
			proxyType = 1;
			remoteGlobalIDString = EEF0351E225444F800B2A312;
			remoteInfo = Parstagram;
		};
		EEF0353F225444FC00B2A312 /* PBXContainerItemProxy */ = {
			isa = PBXContainerItemProxy;
			containerPortal = EEF03517225444F800B2A312 /* Project object */;
			proxyType = 1;
			remoteGlobalIDString = EEF0351E225444F800B2A312;
			remoteInfo = Parstagram;
		};
/* End PBXContainerItemProxy section */

/* Begin PBXFileReference section */
		2D86C3AE49083A329AE39BAD /* Pods-ParstagramTests.release.xcconfig */ = {isa = PBXFileReference; includeInIndex = 1; lastKnownFileType = text.xcconfig; name = "Pods-ParstagramTests.release.xcconfig"; path = "Target Support Files/Pods-ParstagramTests/Pods-ParstagramTests.release.xcconfig"; sourceTree = "<group>"; };
		2F6333DD27D5B10C887EB9E1 /* Pods-Parstagram.debug.xcconfig */ = {isa = PBXFileReference; includeInIndex = 1; lastKnownFileType = text.xcconfig; name = "Pods-Parstagram.debug.xcconfig"; path = "Target Support Files/Pods-Parstagram/Pods-Parstagram.debug.xcconfig"; sourceTree = "<group>"; };
		3FB1CC19830C0AB186C90A58 /* Pods_ParstagramTests.framework */ = {isa = PBXFileReference; explicitFileType = wrapper.framework; includeInIndex = 0; path = Pods_ParstagramTests.framework; sourceTree = BUILT_PRODUCTS_DIR; };
		593ED5CC638FAE0E650EA381 /* Pods-ParstagramUITests.debug.xcconfig */ = {isa = PBXFileReference; includeInIndex = 1; lastKnownFileType = text.xcconfig; name = "Pods-ParstagramUITests.debug.xcconfig"; path = "Target Support Files/Pods-ParstagramUITests/Pods-ParstagramUITests.debug.xcconfig"; sourceTree = "<group>"; };
		73A4E57D6DAA640752AA446D /* Pods-ParstagramUITests.release.xcconfig */ = {isa = PBXFileReference; includeInIndex = 1; lastKnownFileType = text.xcconfig; name = "Pods-ParstagramUITests.release.xcconfig"; path = "Target Support Files/Pods-ParstagramUITests/Pods-ParstagramUITests.release.xcconfig"; sourceTree = "<group>"; };
		AAC18A570BA584C950465AF8 /* Pods_ParstagramUITests.framework */ = {isa = PBXFileReference; explicitFileType = wrapper.framework; includeInIndex = 0; path = Pods_ParstagramUITests.framework; sourceTree = BUILT_PRODUCTS_DIR; };
		DB11E1AB59CBFB43E4D55D03 /* Pods_Parstagram.framework */ = {isa = PBXFileReference; explicitFileType = wrapper.framework; includeInIndex = 0; path = Pods_Parstagram.framework; sourceTree = BUILT_PRODUCTS_DIR; };
		E131D131A44281FABF4192ED /* Pods-ParstagramTests.debug.xcconfig */ = {isa = PBXFileReference; includeInIndex = 1; lastKnownFileType = text.xcconfig; name = "Pods-ParstagramTests.debug.xcconfig"; path = "Target Support Files/Pods-ParstagramTests/Pods-ParstagramTests.debug.xcconfig"; sourceTree = "<group>"; };
		EE303EAF2259CEED001DC54A /* CameraViewController.swift */ = {isa = PBXFileReference; lastKnownFileType = sourcecode.swift; path = CameraViewController.swift; sourceTree = "<group>"; };
		EE303EB3225BF21C001DC54A /* PostCell.swift */ = {isa = PBXFileReference; lastKnownFileType = sourcecode.swift; path = PostCell.swift; sourceTree = "<group>"; };
		EED5E3AD22643AC50065C779 /* CommentCell.swift */ = {isa = PBXFileReference; lastKnownFileType = sourcecode.swift; path = CommentCell.swift; sourceTree = "<group>"; };
		EED810BD22544B9800752321 /* LoginViewController.swift */ = {isa = PBXFileReference; lastKnownFileType = sourcecode.swift; path = LoginViewController.swift; sourceTree = "<group>"; };
		EED810BF22544BB000752321 /* FeedViewController.swift */ = {isa = PBXFileReference; lastKnownFileType = sourcecode.swift; path = FeedViewController.swift; sourceTree = "<group>"; };
		EEF0351F225444F800B2A312 /* Parstagram.app */ = {isa = PBXFileReference; explicitFileType = wrapper.application; includeInIndex = 0; path = Parstagram.app; sourceTree = BUILT_PRODUCTS_DIR; };
		EEF03522225444F800B2A312 /* AppDelegate.swift */ = {isa = PBXFileReference; lastKnownFileType = sourcecode.swift; path = AppDelegate.swift; sourceTree = "<group>"; };
		EEF03527225444F800B2A312 /* Base */ = {isa = PBXFileReference; lastKnownFileType = file.storyboard; name = Base; path = Base.lproj/Main.storyboard; sourceTree = "<group>"; };
		EEF03529225444FC00B2A312 /* Assets.xcassets */ = {isa = PBXFileReference; lastKnownFileType = folder.assetcatalog; path = Assets.xcassets; sourceTree = "<group>"; };
		EEF0352C225444FC00B2A312 /* Base */ = {isa = PBXFileReference; lastKnownFileType = file.storyboard; name = Base; path = Base.lproj/LaunchScreen.storyboard; sourceTree = "<group>"; };
		EEF0352E225444FC00B2A312 /* Info.plist */ = {isa = PBXFileReference; lastKnownFileType = text.plist.xml; path = Info.plist; sourceTree = "<group>"; };
		EEF03533225444FC00B2A312 /* ParstagramTests.xctest */ = {isa = PBXFileReference; explicitFileType = wrapper.cfbundle; includeInIndex = 0; path = ParstagramTests.xctest; sourceTree = BUILT_PRODUCTS_DIR; };
		EEF03537225444FC00B2A312 /* ParstagramTests.swift */ = {isa = PBXFileReference; lastKnownFileType = sourcecode.swift; path = ParstagramTests.swift; sourceTree = "<group>"; };
		EEF03539225444FC00B2A312 /* Info.plist */ = {isa = PBXFileReference; lastKnownFileType = text.plist.xml; path = Info.plist; sourceTree = "<group>"; };
		EEF0353E225444FC00B2A312 /* ParstagramUITests.xctest */ = {isa = PBXFileReference; explicitFileType = wrapper.cfbundle; includeInIndex = 0; path = ParstagramUITests.xctest; sourceTree = BUILT_PRODUCTS_DIR; };
		EEF03542225444FC00B2A312 /* ParstagramUITests.swift */ = {isa = PBXFileReference; lastKnownFileType = sourcecode.swift; path = ParstagramUITests.swift; sourceTree = "<group>"; };
		EEF03544225444FC00B2A312 /* Info.plist */ = {isa = PBXFileReference; lastKnownFileType = text.plist.xml; path = Info.plist; sourceTree = "<group>"; };
		F0D932ED8FF65E1630206939 /* Pods-Parstagram.release.xcconfig */ = {isa = PBXFileReference; includeInIndex = 1; lastKnownFileType = text.xcconfig; name = "Pods-Parstagram.release.xcconfig"; path = "Target Support Files/Pods-Parstagram/Pods-Parstagram.release.xcconfig"; sourceTree = "<group>"; };
/* End PBXFileReference section */

/* Begin PBXFrameworksBuildPhase section */
		EEF0351C225444F800B2A312 /* Frameworks */ = {
			isa = PBXFrameworksBuildPhase;
			buildActionMask = 2147483647;
			files = (
				EFD698EBCE5954163AA1DD7F /* Pods_Parstagram.framework in Frameworks */,
			);
			runOnlyForDeploymentPostprocessing = 0;
		};
		EEF03530225444FC00B2A312 /* Frameworks */ = {
			isa = PBXFrameworksBuildPhase;
			buildActionMask = 2147483647;
			files = (
				F0BB60C07679747D13F00306 /* Pods_ParstagramTests.framework in Frameworks */,
			);
			runOnlyForDeploymentPostprocessing = 0;
		};
		EEF0353B225444FC00B2A312 /* Frameworks */ = {
			isa = PBXFrameworksBuildPhase;
			buildActionMask = 2147483647;
			files = (
				7F98D163E5CF3DB5814C269A /* Pods_ParstagramUITests.framework in Frameworks */,
			);
			runOnlyForDeploymentPostprocessing = 0;
		};
/* End PBXFrameworksBuildPhase section */

/* Begin PBXGroup section */
		B74B3B76CEEDD21F8A28AF55 /* Pods */ = {
			isa = PBXGroup;
			children = (
				2F6333DD27D5B10C887EB9E1 /* Pods-Parstagram.debug.xcconfig */,
				F0D932ED8FF65E1630206939 /* Pods-Parstagram.release.xcconfig */,
				E131D131A44281FABF4192ED /* Pods-ParstagramTests.debug.xcconfig */,
				2D86C3AE49083A329AE39BAD /* Pods-ParstagramTests.release.xcconfig */,
				593ED5CC638FAE0E650EA381 /* Pods-ParstagramUITests.debug.xcconfig */,
				73A4E57D6DAA640752AA446D /* Pods-ParstagramUITests.release.xcconfig */,
			);
			path = Pods;
			sourceTree = "<group>";
		};
		DEE009289B9F6764E3FFD26E /* Frameworks */ = {
			isa = PBXGroup;
			children = (
				DB11E1AB59CBFB43E4D55D03 /* Pods_Parstagram.framework */,
				3FB1CC19830C0AB186C90A58 /* Pods_ParstagramTests.framework */,
				AAC18A570BA584C950465AF8 /* Pods_ParstagramUITests.framework */,
			);
			name = Frameworks;
			sourceTree = "<group>";
		};
		EEF03516225444F800B2A312 = {
			isa = PBXGroup;
			children = (
				EEF03521225444F800B2A312 /* Parstagram */,
				EEF03536225444FC00B2A312 /* ParstagramTests */,
				EEF03541225444FC00B2A312 /* ParstagramUITests */,
				EEF03520225444F800B2A312 /* Products */,
				B74B3B76CEEDD21F8A28AF55 /* Pods */,
				DEE009289B9F6764E3FFD26E /* Frameworks */,
			);
			sourceTree = "<group>";
		};
		EEF03520225444F800B2A312 /* Products */ = {
			isa = PBXGroup;
			children = (
				EEF0351F225444F800B2A312 /* Parstagram.app */,
				EEF03533225444FC00B2A312 /* ParstagramTests.xctest */,
				EEF0353E225444FC00B2A312 /* ParstagramUITests.xctest */,
			);
			name = Products;
			sourceTree = "<group>";
		};
		EEF03521225444F800B2A312 /* Parstagram */ = {
			isa = PBXGroup;
			children = (
				EEF03522225444F800B2A312 /* AppDelegate.swift */,
				EEF03526225444F800B2A312 /* Main.storyboard */,
				EEF03529225444FC00B2A312 /* Assets.xcassets */,
				EEF0352B225444FC00B2A312 /* LaunchScreen.storyboard */,
				EEF0352E225444FC00B2A312 /* Info.plist */,
				EED810BD22544B9800752321 /* LoginViewController.swift */,
				EED810BF22544BB000752321 /* FeedViewController.swift */,
				EE303EAF2259CEED001DC54A /* CameraViewController.swift */,
				EE303EB3225BF21C001DC54A /* PostCell.swift */,
				EED5E3AD22643AC50065C779 /* CommentCell.swift */,
			);
			path = Parstagram;
			sourceTree = "<group>";
		};
		EEF03536225444FC00B2A312 /* ParstagramTests */ = {
			isa = PBXGroup;
			children = (
				EEF03537225444FC00B2A312 /* ParstagramTests.swift */,
				EEF03539225444FC00B2A312 /* Info.plist */,
			);
			path = ParstagramTests;
			sourceTree = "<group>";
		};
		EEF03541225444FC00B2A312 /* ParstagramUITests */ = {
			isa = PBXGroup;
			children = (
				EEF03542225444FC00B2A312 /* ParstagramUITests.swift */,
				EEF03544225444FC00B2A312 /* Info.plist */,
			);
			path = ParstagramUITests;
			sourceTree = "<group>";
		};
/* End PBXGroup section */

/* Begin PBXNativeTarget section */
		EEF0351E225444F800B2A312 /* Parstagram */ = {
			isa = PBXNativeTarget;
			buildConfigurationList = EEF03547225444FC00B2A312 /* Build configuration list for PBXNativeTarget "Parstagram" */;
			buildPhases = (
				D4E36F072C0C3AF1FD15A6EC /* [CP] Check Pods Manifest.lock */,
				EEF0351B225444F800B2A312 /* Sources */,
				EEF0351C225444F800B2A312 /* Frameworks */,
				EEF0351D225444F800B2A312 /* Resources */,
				FA79BD6EDAC781A3367AB59E /* [CP] Embed Pods Frameworks */,
			);
			buildRules = (
			);
			dependencies = (
			);
			name = Parstagram;
			productName = Parstagram;
			productReference = EEF0351F225444F800B2A312 /* Parstagram.app */;
			productType = "com.apple.product-type.application";
		};
		EEF03532225444FC00B2A312 /* ParstagramTests */ = {
			isa = PBXNativeTarget;
			buildConfigurationList = EEF0354A225444FC00B2A312 /* Build configuration list for PBXNativeTarget "ParstagramTests" */;
			buildPhases = (
				B2FD79FA9E9B583527DD4177 /* [CP] Check Pods Manifest.lock */,
				EEF0352F225444FC00B2A312 /* Sources */,
				EEF03530225444FC00B2A312 /* Frameworks */,
				EEF03531225444FC00B2A312 /* Resources */,
			);
			buildRules = (
			);
			dependencies = (
				EEF03535225444FC00B2A312 /* PBXTargetDependency */,
			);
			name = ParstagramTests;
			productName = ParstagramTests;
			productReference = EEF03533225444FC00B2A312 /* ParstagramTests.xctest */;
			productType = "com.apple.product-type.bundle.unit-test";
		};
		EEF0353D225444FC00B2A312 /* ParstagramUITests */ = {
			isa = PBXNativeTarget;
			buildConfigurationList = EEF0354D225444FC00B2A312 /* Build configuration list for PBXNativeTarget "ParstagramUITests" */;
			buildPhases = (
				D7D659FB462C7633C184A03D /* [CP] Check Pods Manifest.lock */,
				EEF0353A225444FC00B2A312 /* Sources */,
				EEF0353B225444FC00B2A312 /* Frameworks */,
				EEF0353C225444FC00B2A312 /* Resources */,
			);
			buildRules = (
			);
			dependencies = (
				EEF03540225444FC00B2A312 /* PBXTargetDependency */,
			);
			name = ParstagramUITests;
			productName = ParstagramUITests;
			productReference = EEF0353E225444FC00B2A312 /* ParstagramUITests.xctest */;
			productType = "com.apple.product-type.bundle.ui-testing";
		};
/* End PBXNativeTarget section */

/* Begin PBXProject section */
		EEF03517225444F800B2A312 /* Project object */ = {
			isa = PBXProject;
			attributes = {
				LastSwiftUpdateCheck = 1010;
				LastUpgradeCheck = 1010;
				ORGANIZATIONNAME = "Donald Truong";
				TargetAttributes = {
					EEF0351E225444F800B2A312 = {
						CreatedOnToolsVersion = 10.1;
					};
					EEF03532225444FC00B2A312 = {
						CreatedOnToolsVersion = 10.1;
						TestTargetID = EEF0351E225444F800B2A312;
					};
					EEF0353D225444FC00B2A312 = {
						CreatedOnToolsVersion = 10.1;
						TestTargetID = EEF0351E225444F800B2A312;
					};
				};
			};
			buildConfigurationList = EEF0351A225444F800B2A312 /* Build configuration list for PBXProject "Parstagram" */;
			compatibilityVersion = "Xcode 9.3";
			developmentRegion = en;
			hasScannedForEncodings = 0;
			knownRegions = (
				en,
				Base,
			);
			mainGroup = EEF03516225444F800B2A312;
			productRefGroup = EEF03520225444F800B2A312 /* Products */;
			projectDirPath = "";
			projectRoot = "";
			targets = (
				EEF0351E225444F800B2A312 /* Parstagram */,
				EEF03532225444FC00B2A312 /* ParstagramTests */,
				EEF0353D225444FC00B2A312 /* ParstagramUITests */,
			);
		};
/* End PBXProject section */

/* Begin PBXResourcesBuildPhase section */
		EEF0351D225444F800B2A312 /* Resources */ = {
			isa = PBXResourcesBuildPhase;
			buildActionMask = 2147483647;
			files = (
				EEF0352D225444FC00B2A312 /* LaunchScreen.storyboard in Resources */,
				EEF0352A225444FC00B2A312 /* Assets.xcassets in Resources */,
				EEF03528225444F800B2A312 /* Main.storyboard in Resources */,
			);
			runOnlyForDeploymentPostprocessing = 0;
		};
		EEF03531225444FC00B2A312 /* Resources */ = {
			isa = PBXResourcesBuildPhase;
			buildActionMask = 2147483647;
			files = (
			);
			runOnlyForDeploymentPostprocessing = 0;
		};
		EEF0353C225444FC00B2A312 /* Resources */ = {
			isa = PBXResourcesBuildPhase;
			buildActionMask = 2147483647;
			files = (
			);
			runOnlyForDeploymentPostprocessing = 0;
		};
/* End PBXResourcesBuildPhase section */

/* Begin PBXShellScriptBuildPhase section */
		B2FD79FA9E9B583527DD4177 /* [CP] Check Pods Manifest.lock */ = {
			isa = PBXShellScriptBuildPhase;
			buildActionMask = 2147483647;
			files = (
			);
			inputFileListPaths = (
			);
			inputPaths = (
				"${PODS_PODFILE_DIR_PATH}/Podfile.lock",
				"${PODS_ROOT}/Manifest.lock",
			);
			name = "[CP] Check Pods Manifest.lock";
			outputFileListPaths = (
			);
			outputPaths = (
				"$(DERIVED_FILE_DIR)/Pods-ParstagramTests-checkManifestLockResult.txt",
			);
			runOnlyForDeploymentPostprocessing = 0;
			shellPath = /bin/sh;
			shellScript = "diff \"${PODS_PODFILE_DIR_PATH}/Podfile.lock\" \"${PODS_ROOT}/Manifest.lock\" > /dev/null\nif [ $? != 0 ] ; then\n    # print error to STDERR\n    echo \"error: The sandbox is not in sync with the Podfile.lock. Run 'pod install' or update your CocoaPods installation.\" >&2\n    exit 1\nfi\n# This output is used by Xcode 'outputs' to avoid re-running this script phase.\necho \"SUCCESS\" > \"${SCRIPT_OUTPUT_FILE_0}\"\n";
			showEnvVarsInLog = 0;
		};
		D4E36F072C0C3AF1FD15A6EC /* [CP] Check Pods Manifest.lock */ = {
			isa = PBXShellScriptBuildPhase;
			buildActionMask = 2147483647;
			files = (
			);
			inputFileListPaths = (
			);
			inputPaths = (
				"${PODS_PODFILE_DIR_PATH}/Podfile.lock",
				"${PODS_ROOT}/Manifest.lock",
			);
			name = "[CP] Check Pods Manifest.lock";
			outputFileListPaths = (
			);
			outputPaths = (
				"$(DERIVED_FILE_DIR)/Pods-Parstagram-checkManifestLockResult.txt",
			);
			runOnlyForDeploymentPostprocessing = 0;
			shellPath = /bin/sh;
			shellScript = "diff \"${PODS_PODFILE_DIR_PATH}/Podfile.lock\" \"${PODS_ROOT}/Manifest.lock\" > /dev/null\nif [ $? != 0 ] ; then\n    # print error to STDERR\n    echo \"error: The sandbox is not in sync with the Podfile.lock. Run 'pod install' or update your CocoaPods installation.\" >&2\n    exit 1\nfi\n# This output is used by Xcode 'outputs' to avoid re-running this script phase.\necho \"SUCCESS\" > \"${SCRIPT_OUTPUT_FILE_0}\"\n";
			showEnvVarsInLog = 0;
		};
		D7D659FB462C7633C184A03D /* [CP] Check Pods Manifest.lock */ = {
			isa = PBXShellScriptBuildPhase;
			buildActionMask = 2147483647;
			files = (
			);
			inputFileListPaths = (
			);
			inputPaths = (
				"${PODS_PODFILE_DIR_PATH}/Podfile.lock",
				"${PODS_ROOT}/Manifest.lock",
			);
			name = "[CP] Check Pods Manifest.lock";
			outputFileListPaths = (
			);
			outputPaths = (
				"$(DERIVED_FILE_DIR)/Pods-ParstagramUITests-checkManifestLockResult.txt",
			);
			runOnlyForDeploymentPostprocessing = 0;
			shellPath = /bin/sh;
			shellScript = "diff \"${PODS_PODFILE_DIR_PATH}/Podfile.lock\" \"${PODS_ROOT}/Manifest.lock\" > /dev/null\nif [ $? != 0 ] ; then\n    # print error to STDERR\n    echo \"error: The sandbox is not in sync with the Podfile.lock. Run 'pod install' or update your CocoaPods installation.\" >&2\n    exit 1\nfi\n# This output is used by Xcode 'outputs' to avoid re-running this script phase.\necho \"SUCCESS\" > \"${SCRIPT_OUTPUT_FILE_0}\"\n";
			showEnvVarsInLog = 0;
		};
		FA79BD6EDAC781A3367AB59E /* [CP] Embed Pods Frameworks */ = {
			isa = PBXShellScriptBuildPhase;
			buildActionMask = 2147483647;
			files = (
			);
			inputFileListPaths = (
			);
			inputPaths = (
				"${PODS_ROOT}/Target Support Files/Pods-Parstagram/Pods-Parstagram-frameworks.sh",
				"${BUILT_PRODUCTS_DIR}/Alamofire/Alamofire.framework",
				"${BUILT_PRODUCTS_DIR}/AlamofireImage/AlamofireImage.framework",
				"${BUILT_PRODUCTS_DIR}/Bolts/Bolts.framework",
				"${BUILT_PRODUCTS_DIR}/MessageInputBar/MessageInputBar.framework",
				"${BUILT_PRODUCTS_DIR}/Parse/Parse.framework",
			);
			name = "[CP] Embed Pods Frameworks";
			outputFileListPaths = (
			);
			outputPaths = (
				"${TARGET_BUILD_DIR}/${FRAMEWORKS_FOLDER_PATH}/Alamofire.framework",
				"${TARGET_BUILD_DIR}/${FRAMEWORKS_FOLDER_PATH}/AlamofireImage.framework",
				"${TARGET_BUILD_DIR}/${FRAMEWORKS_FOLDER_PATH}/Bolts.framework",
				"${TARGET_BUILD_DIR}/${FRAMEWORKS_FOLDER_PATH}/MessageInputBar.framework",
				"${TARGET_BUILD_DIR}/${FRAMEWORKS_FOLDER_PATH}/Parse.framework",
			);
			runOnlyForDeploymentPostprocessing = 0;
			shellPath = /bin/sh;
			shellScript = "\"${PODS_ROOT}/Target Support Files/Pods-Parstagram/Pods-Parstagram-frameworks.sh\"\n";
			showEnvVarsInLog = 0;
		};
/* End PBXShellScriptBuildPhase section */

/* Begin PBXSourcesBuildPhase section */
		EEF0351B225444F800B2A312 /* Sources */ = {
			isa = PBXSourcesBuildPhase;
			buildActionMask = 2147483647;
			files = (
				EED810BE22544B9800752321 /* LoginViewController.swift in Sources */,
				EE303EB02259CEED001DC54A /* CameraViewController.swift in Sources */,
				EED810C022544BB000752321 /* FeedViewController.swift in Sources */,
				EEF03523225444F800B2A312 /* AppDelegate.swift in Sources */,
				EE303EB4225BF21C001DC54A /* PostCell.swift in Sources */,
				EED5E3AE22643AC50065C779 /* CommentCell.swift in Sources */,
			);
			runOnlyForDeploymentPostprocessing = 0;
		};
		EEF0352F225444FC00B2A312 /* Sources */ = {
			isa = PBXSourcesBuildPhase;
			buildActionMask = 2147483647;
			files = (
				EEF03538225444FC00B2A312 /* ParstagramTests.swift in Sources */,
			);
			runOnlyForDeploymentPostprocessing = 0;
		};
		EEF0353A225444FC00B2A312 /* Sources */ = {
			isa = PBXSourcesBuildPhase;
			buildActionMask = 2147483647;
			files = (
				EEF03543225444FC00B2A312 /* ParstagramUITests.swift in Sources */,
			);
			runOnlyForDeploymentPostprocessing = 0;
		};
/* End PBXSourcesBuildPhase section */

/* Begin PBXTargetDependency section */
		EEF03535225444FC00B2A312 /* PBXTargetDependency */ = {
			isa = PBXTargetDependency;
			target = EEF0351E225444F800B2A312 /* Parstagram */;
			targetProxy = EEF03534225444FC00B2A312 /* PBXContainerItemProxy */;
		};
		EEF03540225444FC00B2A312 /* PBXTargetDependency */ = {
			isa = PBXTargetDependency;
			target = EEF0351E225444F800B2A312 /* Parstagram */;
			targetProxy = EEF0353F225444FC00B2A312 /* PBXContainerItemProxy */;
		};
/* End PBXTargetDependency section */

/* Begin PBXVariantGroup section */
		EEF03526225444F800B2A312 /* Main.storyboard */ = {
			isa = PBXVariantGroup;
			children = (
				EEF03527225444F800B2A312 /* Base */,
			);
			name = Main.storyboard;
			sourceTree = "<group>";
		};
		EEF0352B225444FC00B2A312 /* LaunchScreen.storyboard */ = {
			isa = PBXVariantGroup;
			children = (
				EEF0352C225444FC00B2A312 /* Base */,
			);
			name = LaunchScreen.storyboard;
			sourceTree = "<group>";
		};
/* End PBXVariantGroup section */

/* Begin XCBuildConfiguration section */
		EEF03545225444FC00B2A312 /* Debug */ = {
			isa = XCBuildConfiguration;
			buildSettings = {
				ALWAYS_SEARCH_USER_PATHS = NO;
				CLANG_ANALYZER_NONNULL = YES;
				CLANG_ANALYZER_NUMBER_OBJECT_CONVERSION = YES_AGGRESSIVE;
				CLANG_CXX_LANGUAGE_STANDARD = "gnu++14";
				CLANG_CXX_LIBRARY = "libc++";
				CLANG_ENABLE_MODULES = YES;
				CLANG_ENABLE_OBJC_ARC = YES;
				CLANG_ENABLE_OBJC_WEAK = YES;
				CLANG_WARN_BLOCK_CAPTURE_AUTORELEASING = YES;
				CLANG_WARN_BOOL_CONVERSION = YES;
				CLANG_WARN_COMMA = YES;
				CLANG_WARN_CONSTANT_CONVERSION = YES;
				CLANG_WARN_DEPRECATED_OBJC_IMPLEMENTATIONS = YES;
				CLANG_WARN_DIRECT_OBJC_ISA_USAGE = YES_ERROR;
				CLANG_WARN_DOCUMENTATION_COMMENTS = YES;
				CLANG_WARN_EMPTY_BODY = YES;
				CLANG_WARN_ENUM_CONVERSION = YES;
				CLANG_WARN_INFINITE_RECURSION = YES;
				CLANG_WARN_INT_CONVERSION = YES;
				CLANG_WARN_NON_LITERAL_NULL_CONVERSION = YES;
				CLANG_WARN_OBJC_IMPLICIT_RETAIN_SELF = YES;
				CLANG_WARN_OBJC_LITERAL_CONVERSION = YES;
				CLANG_WARN_OBJC_ROOT_CLASS = YES_ERROR;
				CLANG_WARN_RANGE_LOOP_ANALYSIS = YES;
				CLANG_WARN_STRICT_PROTOTYPES = YES;
				CLANG_WARN_SUSPICIOUS_MOVE = YES;
				CLANG_WARN_UNGUARDED_AVAILABILITY = YES_AGGRESSIVE;
				CLANG_WARN_UNREACHABLE_CODE = YES;
				CLANG_WARN__DUPLICATE_METHOD_MATCH = YES;
				CODE_SIGN_IDENTITY = "iPhone Developer";
				COPY_PHASE_STRIP = NO;
				DEBUG_INFORMATION_FORMAT = dwarf;
				ENABLE_STRICT_OBJC_MSGSEND = YES;
				ENABLE_TESTABILITY = YES;
				GCC_C_LANGUAGE_STANDARD = gnu11;
				GCC_DYNAMIC_NO_PIC = NO;
				GCC_NO_COMMON_BLOCKS = YES;
				GCC_OPTIMIZATION_LEVEL = 0;
				GCC_PREPROCESSOR_DEFINITIONS = (
					"DEBUG=1",
					"$(inherited)",
				);
				GCC_WARN_64_TO_32_BIT_CONVERSION = YES;
				GCC_WARN_ABOUT_RETURN_TYPE = YES_ERROR;
				GCC_WARN_UNDECLARED_SELECTOR = YES;
				GCC_WARN_UNINITIALIZED_AUTOS = YES_AGGRESSIVE;
				GCC_WARN_UNUSED_FUNCTION = YES;
				GCC_WARN_UNUSED_VARIABLE = YES;
				IPHONEOS_DEPLOYMENT_TARGET = 12.1;
				MTL_ENABLE_DEBUG_INFO = INCLUDE_SOURCE;
				MTL_FAST_MATH = YES;
				ONLY_ACTIVE_ARCH = YES;
				SDKROOT = iphoneos;
				SWIFT_ACTIVE_COMPILATION_CONDITIONS = DEBUG;
				SWIFT_OPTIMIZATION_LEVEL = "-Onone";
			};
			name = Debug;
		};
		EEF03546225444FC00B2A312 /* Release */ = {
			isa = XCBuildConfiguration;
			buildSettings = {
				ALWAYS_SEARCH_USER_PATHS = NO;
				CLANG_ANALYZER_NONNULL = YES;
				CLANG_ANALYZER_NUMBER_OBJECT_CONVERSION = YES_AGGRESSIVE;
				CLANG_CXX_LANGUAGE_STANDARD = "gnu++14";
				CLANG_CXX_LIBRARY = "libc++";
				CLANG_ENABLE_MODULES = YES;
				CLANG_ENABLE_OBJC_ARC = YES;
				CLANG_ENABLE_OBJC_WEAK = YES;
				CLANG_WARN_BLOCK_CAPTURE_AUTORELEASING = YES;
				CLANG_WARN_BOOL_CONVERSION = YES;
				CLANG_WARN_COMMA = YES;
				CLANG_WARN_CONSTANT_CONVERSION = YES;
				CLANG_WARN_DEPRECATED_OBJC_IMPLEMENTATIONS = YES;
				CLANG_WARN_DIRECT_OBJC_ISA_USAGE = YES_ERROR;
				CLANG_WARN_DOCUMENTATION_COMMENTS = YES;
				CLANG_WARN_EMPTY_BODY = YES;
				CLANG_WARN_ENUM_CONVERSION = YES;
				CLANG_WARN_INFINITE_RECURSION = YES;
				CLANG_WARN_INT_CONVERSION = YES;
				CLANG_WARN_NON_LITERAL_NULL_CONVERSION = YES;
				CLANG_WARN_OBJC_IMPLICIT_RETAIN_SELF = YES;
				CLANG_WARN_OBJC_LITERAL_CONVERSION = YES;
				CLANG_WARN_OBJC_ROOT_CLASS = YES_ERROR;
				CLANG_WARN_RANGE_LOOP_ANALYSIS = YES;
				CLANG_WARN_STRICT_PROTOTYPES = YES;
				CLANG_WARN_SUSPICIOUS_MOVE = YES;
				CLANG_WARN_UNGUARDED_AVAILABILITY = YES_AGGRESSIVE;
				CLANG_WARN_UNREACHABLE_CODE = YES;
				CLANG_WARN__DUPLICATE_METHOD_MATCH = YES;
				CODE_SIGN_IDENTITY = "iPhone Developer";
				COPY_PHASE_STRIP = NO;
				DEBUG_INFORMATION_FORMAT = "dwarf-with-dsym";
				ENABLE_NS_ASSERTIONS = NO;
				ENABLE_STRICT_OBJC_MSGSEND = YES;
				GCC_C_LANGUAGE_STANDARD = gnu11;
				GCC_NO_COMMON_BLOCKS = YES;
				GCC_WARN_64_TO_32_BIT_CONVERSION = YES;
				GCC_WARN_ABOUT_RETURN_TYPE = YES_ERROR;
				GCC_WARN_UNDECLARED_SELECTOR = YES;
				GCC_WARN_UNINITIALIZED_AUTOS = YES_AGGRESSIVE;
				GCC_WARN_UNUSED_FUNCTION = YES;
				GCC_WARN_UNUSED_VARIABLE = YES;
				IPHONEOS_DEPLOYMENT_TARGET = 12.1;
				MTL_ENABLE_DEBUG_INFO = NO;
				MTL_FAST_MATH = YES;
				SDKROOT = iphoneos;
				SWIFT_COMPILATION_MODE = wholemodule;
				SWIFT_OPTIMIZATION_LEVEL = "-O";
				VALIDATE_PRODUCT = YES;
			};
			name = Release;
		};
		EEF03548225444FC00B2A312 /* Debug */ = {
			isa = XCBuildConfiguration;
			baseConfigurationReference = 2F6333DD27D5B10C887EB9E1 /* Pods-Parstagram.debug.xcconfig */;
			buildSettings = {
				ASSETCATALOG_COMPILER_APPICON_NAME = AppIcon;
				CODE_SIGN_STYLE = Automatic;
				DEVELOPMENT_TEAM = XK3XEMQF66;
				INFOPLIST_FILE = Parstagram/Info.plist;
				LD_RUNPATH_SEARCH_PATHS = (
					"$(inherited)",
					"@executable_path/Frameworks",
				);
				PRODUCT_BUNDLE_IDENTIFIER = "Donald-Truong.Parstagram";
				PRODUCT_NAME = "$(TARGET_NAME)";
				SWIFT_VERSION = 4.2;
				TARGETED_DEVICE_FAMILY = "1,2";
			};
			name = Debug;
		};
		EEF03549225444FC00B2A312 /* Release */ = {
			isa = XCBuildConfiguration;
			baseConfigurationReference = F0D932ED8FF65E1630206939 /* Pods-Parstagram.release.xcconfig */;
			buildSettings = {
				ASSETCATALOG_COMPILER_APPICON_NAME = AppIcon;
				CODE_SIGN_STYLE = Automatic;
				DEVELOPMENT_TEAM = XK3XEMQF66;
				INFOPLIST_FILE = Parstagram/Info.plist;
				LD_RUNPATH_SEARCH_PATHS = (
					"$(inherited)",
					"@executable_path/Frameworks",
				);
				PRODUCT_BUNDLE_IDENTIFIER = "Donald-Truong.Parstagram";
				PRODUCT_NAME = "$(TARGET_NAME)";
				SWIFT_VERSION = 4.2;
				TARGETED_DEVICE_FAMILY = "1,2";
			};
			name = Release;
		};
		EEF0354B225444FC00B2A312 /* Debug */ = {
			isa = XCBuildConfiguration;
			baseConfigurationReference = E131D131A44281FABF4192ED /* Pods-ParstagramTests.debug.xcconfig */;
			buildSettings = {
				ALWAYS_EMBED_SWIFT_STANDARD_LIBRARIES = YES;
				BUNDLE_LOADER = "$(TEST_HOST)";
				CODE_SIGN_STYLE = Automatic;
				DEVELOPMENT_TEAM = XK3XEMQF66;
				INFOPLIST_FILE = ParstagramTests/Info.plist;
				LD_RUNPATH_SEARCH_PATHS = (
					"$(inherited)",
					"@executable_path/Frameworks",
					"@loader_path/Frameworks",
				);
				PRODUCT_BUNDLE_IDENTIFIER = "Donald-Truong.ParstagramTests";
				PRODUCT_NAME = "$(TARGET_NAME)";
				SWIFT_VERSION = 4.2;
				TARGETED_DEVICE_FAMILY = "1,2";
				TEST_HOST = "$(BUILT_PRODUCTS_DIR)/Parstagram.app/Parstagram";
			};
			name = Debug;
		};
		EEF0354C225444FC00B2A312 /* Release */ = {
			isa = XCBuildConfiguration;
			baseConfigurationReference = 2D86C3AE49083A329AE39BAD /* Pods-ParstagramTests.release.xcconfig */;
			buildSettings = {
				ALWAYS_EMBED_SWIFT_STANDARD_LIBRARIES = YES;
				BUNDLE_LOADER = "$(TEST_HOST)";
				CODE_SIGN_STYLE = Automatic;
				DEVELOPMENT_TEAM = XK3XEMQF66;
				INFOPLIST_FILE = ParstagramTests/Info.plist;
				LD_RUNPATH_SEARCH_PATHS = (
					"$(inherited)",
					"@executable_path/Frameworks",
					"@loader_path/Frameworks",
				);
				PRODUCT_BUNDLE_IDENTIFIER = "Donald-Truong.ParstagramTests";
				PRODUCT_NAME = "$(TARGET_NAME)";
				SWIFT_VERSION = 4.2;
				TARGETED_DEVICE_FAMILY = "1,2";
				TEST_HOST = "$(BUILT_PRODUCTS_DIR)/Parstagram.app/Parstagram";
			};
			name = Release;
		};
		EEF0354E225444FC00B2A312 /* Debug */ = {
			isa = XCBuildConfiguration;
			baseConfigurationReference = 593ED5CC638FAE0E650EA381 /* Pods-ParstagramUITests.debug.xcconfig */;
			buildSettings = {
				ALWAYS_EMBED_SWIFT_STANDARD_LIBRARIES = YES;
				CODE_SIGN_STYLE = Automatic;
				DEVELOPMENT_TEAM = XK3XEMQF66;
				INFOPLIST_FILE = ParstagramUITests/Info.plist;
				LD_RUNPATH_SEARCH_PATHS = (
					"$(inherited)",
					"@executable_path/Frameworks",
					"@loader_path/Frameworks",
				);
				PRODUCT_BUNDLE_IDENTIFIER = "Donald-Truong.ParstagramUITests";
				PRODUCT_NAME = "$(TARGET_NAME)";
				SWIFT_VERSION = 4.2;
				TARGETED_DEVICE_FAMILY = "1,2";
				TEST_TARGET_NAME = Parstagram;
			};
			name = Debug;
		};
		EEF0354F225444FC00B2A312 /* Release */ = {
			isa = XCBuildConfiguration;
			baseConfigurationReference = 73A4E57D6DAA640752AA446D /* Pods-ParstagramUITests.release.xcconfig */;
			buildSettings = {
				ALWAYS_EMBED_SWIFT_STANDARD_LIBRARIES = YES;
				CODE_SIGN_STYLE = Automatic;
				DEVELOPMENT_TEAM = XK3XEMQF66;
				INFOPLIST_FILE = ParstagramUITests/Info.plist;
				LD_RUNPATH_SEARCH_PATHS = (
					"$(inherited)",
					"@executable_path/Frameworks",
					"@loader_path/Frameworks",
				);
				PRODUCT_BUNDLE_IDENTIFIER = "Donald-Truong.ParstagramUITests";
				PRODUCT_NAME = "$(TARGET_NAME)";
				SWIFT_VERSION = 4.2;
				TARGETED_DEVICE_FAMILY = "1,2";
				TEST_TARGET_NAME = Parstagram;
			};
			name = Release;
		};
/* End XCBuildConfiguration section */

/* Begin XCConfigurationList section */
		EEF0351A225444F800B2A312 /* Build configuration list for PBXProject "Parstagram" */ = {
			isa = XCConfigurationList;
			buildConfigurations = (
				EEF03545225444FC00B2A312 /* Debug */,
				EEF03546225444FC00B2A312 /* Release */,
			);
			defaultConfigurationIsVisible = 0;
			defaultConfigurationName = Release;
		};
		EEF03547225444FC00B2A312 /* Build configuration list for PBXNativeTarget "Parstagram" */ = {
			isa = XCConfigurationList;
			buildConfigurations = (
				EEF03548225444FC00B2A312 /* Debug */,
				EEF03549225444FC00B2A312 /* Release */,
			);
			defaultConfigurationIsVisible = 0;
			defaultConfigurationName = Release;
		};
		EEF0354A225444FC00B2A312 /* Build configuration list for PBXNativeTarget "ParstagramTests" */ = {
			isa = XCConfigurationList;
			buildConfigurations = (
				EEF0354B225444FC00B2A312 /* Debug */,
				EEF0354C225444FC00B2A312 /* Release */,
			);
			defaultConfigurationIsVisible = 0;
			defaultConfigurationName = Release;
		};
		EEF0354D225444FC00B2A312 /* Build configuration list for PBXNativeTarget "ParstagramUITests" */ = {
			isa = XCConfigurationList;
			buildConfigurations = (
				EEF0354E225444FC00B2A312 /* Debug */,
				EEF0354F225444FC00B2A312 /* Release */,
			);
			defaultConfigurationIsVisible = 0;
			defaultConfigurationName = Release;
		};
/* End XCConfigurationList section */
	};
	rootObject = EEF03517225444F800B2A312 /* Project object */;
}
